
Microsoft Visual Studio Solution File, Format Version 12.00
# Visual Studio Version 17
VisualStudioVersion = 17.0.32126.317
MinimumVisualStudioVersion = 10.0.40219.1
Project("{FAE04EC0-301F-11D3-BF4B-00C04F79EFBC}") = "Lab12_21", "Lab12_21\Lab12_21.csproj", "{0E0A5FD7-0B34-44B6-AF55-D73E1D673EB1}"
EndProject
Project("{FAE04EC0-301F-11D3-BF4B-00C04F79EFBC}") = "Vehicle", "Vehicle\Vehicle.csproj", "{C497E90B-41DC-42F4-9BCE-DC888D32A8EB}"
EndProject
Global
	GlobalSection(SolutionConfigurationPlatforms) = preSolution
		Debug|Any CPU = Debug|Any CPU
		Release|Any CPU = Release|Any CPU
	EndGlobalSection
	GlobalSection(ProjectConfigurationPlatforms) = postSolution
		{0E0A5FD7-0B34-44B6-AF55-D73E1D673EB1}.Debug|Any CPU.ActiveCfg = Debug|Any CPU
		{0E0A5FD7-0B34-44B6-AF55-D73E1D673EB1}.Debug|Any CPU.Build.0 = Debug|Any CPU
		{0E0A5FD7-0B34-44B6-AF55-D73E1D673EB1}.Release|Any CPU.ActiveCfg = Release|Any CPU
		{0E0A5FD7-0B34-44B6-AF55-D73E1D673EB1}.Release|Any CPU.Build.0 = Release|Any CPU
		{C497E90B-41DC-42F4-9BCE-DC888D32A8EB}.Debug|Any CPU.ActiveCfg = Debug|Any CPU
		{C497E90B-41DC-42F4-9BCE-DC888D32A8EB}.Debug|Any CPU.Build.0 = Debug|Any CPU
		{C497E90B-41DC-42F4-9BCE-DC888D32A8EB}.Release|Any CPU.ActiveCfg = Release|Any CPU
		{C497E90B-41DC-42F4-9BCE-DC888D32A8EB}.Release|Any CPU.Build.0 = Release|Any CPU
	EndGlobalSection
	GlobalSection(SolutionProperties) = preSolution
		HideSolutionNode = FALSE
	EndGlobalSection
	GlobalSection(ExtensibilityGlobals) = postSolution
		SolutionGuid = {761D4EF0-B0C4-4499-8DF0-DFFD64B1B84B}
	EndGlobalSection
EndGlobal
